// !$*UTF8*$!
{
	archiveVersion = 1;
	classes = {
	};
	objectVersion = 46;
	objects = {

/* Begin PBXBuildFile section */
		C1AB7D151D61A4B600E47C14 /* AppDelegate.swift in Sources */ = {isa = PBXBuildFile; fileRef = C1AB7D141D61A4B600E47C14 /* AppDelegate.swift */; };
		C1AB7D171D61A4B600E47C14 /* ViewController.swift in Sources */ = {isa = PBXBuildFile; fileRef = C1AB7D161D61A4B600E47C14 /* ViewController.swift */; };
		C1AB7D1A1D61A4B600E47C14 /* Main.storyboard in Resources */ = {isa = PBXBuildFile; fileRef = C1AB7D181D61A4B600E47C14 /* Main.storyboard */; };
		C1AB7D1C1D61A4B600E47C14 /* Assets.xcassets in Resources */ = {isa = PBXBuildFile; fileRef = C1AB7D1B1D61A4B600E47C14 /* Assets.xcassets */; };
		C1AB7D1F1D61A4B600E47C14 /* LaunchScreen.storyboard in Resources */ = {isa = PBXBuildFile; fileRef = C1AB7D1D1D61A4B600E47C14 /* LaunchScreen.storyboard */; };
/* End PBXBuildFile section */

/* Begin PBXFileReference section */
		C1AB7D111D61A4B600E47C14 /* Project01_SimpleStopWatch.app */ = {isa = PBXFileReference; explicitFileType = wrapper.application; includeInIndex = 0; path = Project01_SimpleStopWatch.app; sourceTree = BUILT_PRODUCTS_DIR; };
		C1AB7D141D61A4B600E47C14 /* AppDelegate.swift */ = {isa = PBXFileReference; lastKnownFileType = sourcecode.swift; path = AppDelegate.swift; sourceTree = "<group>"; };
		C1AB7D161D61A4B600E47C14 /* ViewController.swift */ = {isa = PBXFileReference; lastKnownFileType = sourcecode.swift; path = ViewController.swift; sourceTree = "<group>"; };
		C1AB7D191D61A4B600E47C14 /* Base */ = {isa = PBXFileReference; lastKnownFileType = file.storyboard; name = Base; path = Base.lproj/Main.storyboard; sourceTree = "<group>"; };
		C1AB7D1B1D61A4B600E47C14 /* Assets.xcassets */ = {isa = PBXFileReference; lastKnownFileType = folder.assetcatalog; path = Assets.xcassets; sourceTree = "<group>"; };
		C1AB7D1E1D61A4B600E47C14 /* Base */ = {isa = PBXFileReference; lastKnownFileType = file.storyboard; name = Base; path = Base.lproj/LaunchScreen.storyboard; sourceTree = "<group>"; };
		C1AB7D201D61A4B600E47C14 /* Info.plist */ = {isa = PBXFileReference; lastKnownFileType = text.plist.xml; path = Info.plist; sourceTree = "<group>"; };
/* End PBXFileReference section */

/* Begin PBXFrameworksBuildPhase section */
		C1AB7D0E1D61A4B600E47C14 /* Frameworks */ = {
			isa = PBXFrameworksBuildPhase;
			buildActionMask = 2147483647;
			files = (
			);
			runOnlyForDeploymentPostprocessing = 0;
		};
/* End PBXFrameworksBuildPhase section */

/* Begin PBXGroup section */
		C1AB7D081D61A4B600E47C14 = {
			isa = PBXGroup;
			children = (
				C1AB7D131D61A4B600E47C14 /* Project01_SimpleStopWatch */,
				C1AB7D121D61A4B600E47C14 /* Products */,
			);
			sourceTree = "<group>";
		};
		C1AB7D121D61A4B600E47C14 /* Products */ = {
			isa = PBXGroup;
			children = (
				C1AB7D111D61A4B600E47C14 /* Project01_SimpleStopWatch.app */,
			);
			name = Products;
			sourceTree = "<group>";
		};
		C1AB7D131D61A4B600E47C14 /* Project01_SimpleStopWatch */ = {
			isa = PBXGroup;
			children = (
				C1AB7D141D61A4B600E47C14 /* AppDelegate.swift */,
				C1AB7D161D61A4B600E47C14 /* ViewController.swift */,
				C1AB7D181D61A4B600E47C14 /* Main.storyboard */,
				C1AB7D1B1D61A4B600E47C14 /* Assets.xcassets */,
				C1AB7D1D1D61A4B600E47C14 /* LaunchScreen.storyboard */,
				C1AB7D201D61A4B600E47C14 /* Info.plist */,
			);
			path = Project01_SimpleStopWatch;
			sourceTree = "<group>";
		};
/* End PBXGroup section */

/* Begin PBXNativeTarget section */
		C1AB7D101D61A4B600E47C14 /* Project01_SimpleStopWatch */ = {
			isa = PBXNativeTarget;
			buildConfigurationList = C1AB7D231D61A4B600E47C14 /* Build configuration list for PBXNativeTarget "Project01_SimpleStopWatch" */;
			buildPhases = (
				C1AB7D0D1D61A4B600E47C14 /* Sources */,
				C1AB7D0E1D61A4B600E47C14 /* Frameworks */,
				C1AB7D0F1D61A4B600E47C14 /* Resources */,
			);
			buildRules = (
			);
			dependencies = (
			);
			name = Project01_SimpleStopWatch;
			productName = Project01_SimpleStopWatch;
			productReference = C1AB7D111D61A4B600E47C14 /* Project01_SimpleStopWatch.app */;
			productType = "com.apple.product-type.application";
		};
/* End PBXNativeTarget section */

/* Begin PBXProject section */
		C1AB7D091D61A4B600E47C14 /* Project object */ = {
			isa = PBXProject;
			attributes = {
				LastSwiftUpdateCheck = 0730;
				LastUpgradeCheck = 0730;
				ORGANIZATIONNAME = "Xinyu Zhang";
				TargetAttributes = {
					C1AB7D101D61A4B600E47C14 = {
						CreatedOnToolsVersion = 7.3.1;
						DevelopmentTeam = 6HNC4TP49C;
					};
				};
			};
			buildConfigurationList = C1AB7D0C1D61A4B600E47C14 /* Build configuration list for PBXProject "Project01_SimpleStopWatch" */;
			compatibilityVersion = "Xcode 3.2";
			developmentRegion = English;
			hasScannedForEncodings = 0;
			knownRegions = (
				en,
				Base,
			);
			mainGroup = C1AB7D081D61A4B600E47C14;
			productRefGroup = C1AB7D121D61A4B600E47C14 /* Products */;
			projectDirPath = "";
			projectRoot = "";
			targets = (
				C1AB7D101D61A4B600E47C14 /* Project01_SimpleStopWatch */,
			);
		};
/* End PBXProject section */

/* Begin PBXResourcesBuildPhase section */
		C1AB7D0F1D61A4B600E47C14 /* Resources */ = {
			isa = PBXResourcesBuildPhase;
			buildActionMask = 2147483647;
			files = (
				C1AB7D1F1D61A4B600E47C14 /* LaunchScreen.storyboard in Resources */,
				C1AB7D1C1D61A4B600E47C14 /* Assets.xcassets in Resources */,
				C1AB7D1A1D61A4B600E47C14 /* Main.storyboard in Resources */,
			);
			runOnlyForDeploymentPostprocessing = 0;
		};
/* End PBXResourcesBuildPhase section */

/* Begin PBXSourcesBuildPhase section */
		C1AB7D0D1D61A4B600E47C14 /* Sources */ = {
			isa = PBXSourcesBuildPhase;
			buildActionMask = 2147483647;
			files = (
				C1AB7D171D61A4B600E47C14 /* ViewController.swift in Sources */,
				C1AB7D151D61A4B600E47C14 /* AppDelegate.swift in Sources */,
			);
			runOnlyForDeploymentPostprocessing = 0;
		};
/* End PBXSourcesBuildPhase section */

/* Begin PBXVariantGroup section */
		C1AB7D181D61A4B600E47C14 /* Main.storyboard */ = {
			isa = PBXVariantGroup;
			children = (
				C1AB7D191D61A4B600E47C14 /* Base */,
			);
			name = Main.storyboard;
			sourceTree = "<group>";
		};
		C1AB7D1D1D61A4B600E47C14 /* LaunchScreen.storyboard */ = {
			isa = PBXVariantGroup;
			children = (
				C1AB7D1E1D61A4B600E47C14 /* Base */,
			);
			name = LaunchScreen.storyboard;
			sourceTree = "<group>";
		};
/* End PBXVariantGroup section */

/* Begin XCBuildConfiguration section */
		C1AB7D211D61A4B600E47C14 /* Debug */ = {
			isa = XCBuildConfiguration;
			buildSettings = {
				ALWAYS_SEARCH_USER_PATHS = NO;
				CLANG_ANALYZER_NONNULL = YES;
				CLANG_CXX_LANGUAGE_STANDARD = "gnu++0x";
				CLANG_CXX_LIBRARY = "libc++";
				CLANG_ENABLE_MODULES = YES;
				CLANG_ENABLE_OBJC_ARC = YES;
				CLANG_WARN_BOOL_CONVERSION = YES;
				CLANG_WARN_CONSTANT_CONVERSION = YES;
				CLANG_WARN_DIRECT_OBJC_ISA_USAGE = YES_ERROR;
				CLANG_WARN_EMPTY_BODY = YES;
				CLANG_WARN_ENUM_CONVERSION = YES;
				CLANG_WARN_INT_CONVERSION = YES;
				CLANG_WARN_OBJC_ROOT_CLASS = YES_ERROR;
				CLANG_WARN_UNREACHABLE_CODE = YES;
				CLANG_WARN__DUPLICATE_METHOD_MATCH = YES;
				"CODE_SIGN_IDENTITY[sdk=iphoneos*]" = "iPhone Developer";
				COPY_PHASE_STRIP = NO;
				DEBUG_INFORMATION_FORMAT = dwarf;
				ENABLE_STRICT_OBJC_MSGSEND = YES;
				ENABLE_TESTABILITY = YES;
				GCC_C_LANGUAGE_STANDARD = gnu99;
				GCC_DYNAMIC_NO_PIC = NO;
				GCC_NO_COMMON_BLOCKS = YES;
				GCC_OPTIMIZATION_LEVEL = 0;
				GCC_PREPROCESSOR_DEFINITIONS = (
					"DEBUG=1",
					"$(inherited)",
				);
				GCC_WARN_64_TO_32_BIT_CONVERSION = YES;
				GCC_WARN_ABOUT_RETURN_TYPE = YES_ERROR;
				GCC_WARN_UNDECLARED_SELECTOR = YES;
				GCC_WARN_UNINITIALIZED_AUTOS = YES_AGGRESSIVE;
				GCC_WARN_UNUSED_FUNCTION = YES;
				GCC_WARN_UNUSED_VARIABLE = YES;
				IPHONEOS_DEPLOYMENT_TARGET = 9.3;
				MTL_ENABLE_DEBUG_INFO = YES;
				ONLY_ACTIVE_ARCH = YES;
				SDKROOT = iphoneos;
				SWIFT_OPTIMIZATION_LEVEL = "-Onone";
			};
			name = Debug;
		};
		C1AB7D221D61A4B600E47C14 /* Release */ = {
			isa = XCBuildConfiguration;
			buildSettings = {
				ALWAYS_SEARCH_USER_PATHS = NO;
				CLANG_ANALYZER_NONNULL = YES;
				CLANG_CXX_LANGUAGE_STANDARD = "gnu++0x";
				CLANG_CXX_LIBRARY = "libc++";
				CLANG_ENABLE_MODULES = YES;
				CLANG_ENABLE_OBJC_ARC = YES;
				CLANG_WARN_BOOL_CONVERSION = YES;
				CLANG_WARN_CONSTANT_CONVERSION = YES;
				CLANG_WARN_DIRECT_OBJC_ISA_USAGE = YES_ERROR;
				CLANG_WARN_EMPTY_BODY = YES;
				CLANG_WARN_ENUM_CONVERSION = YES;
				CLANG_WARN_INT_CONVERSION = YES;
				CLANG_WARN_OBJC_ROOT_CLASS = YES_ERROR;
				CLANG_WARN_UNREACHABLE_CODE = YES;
				CLANG_WARN__DUPLICATE_METHOD_MATCH = YES;
				"CODE_SIGN_IDENTITY[sdk=iphoneos*]" = "iPhone Developer";
				COPY_PHASE_STRIP = NO;
				DEBUG_INFORMATION_FORMAT = "dwarf-with-dsym";
				ENABLE_NS_ASSERTIONS = NO;
				ENABLE_STRICT_OBJC_MSGSEND = YES;
				GCC_C_LANGUAGE_STANDARD = gnu99;
				GCC_NO_COMMON_BLOCKS = YES;
				GCC_WARN_64_TO_32_BIT_CONVERSION = YES;
				GCC_WARN_ABOUT_RETURN_TYPE = YES_ERROR;
				GCC_WARN_UNDECLARED_SELECTOR = YES;
				GCC_WARN_UNINITIALIZED_AUTOS = YES_AGGRESSIVE;
				GCC_WARN_UNUSED_FUNCTION = YES;
				GCC_WARN_UNUSED_VARIABLE = YES;
				IPHONEOS_DEPLOYMENT_TARGET = 9.3;
				MTL_ENABLE_DEBUG_INFO = NO;
				SDKROOT = iphoneos;
				VALIDATE_PRODUCT = YES;
			};
			name = Release;
		};
		C1AB7D241D61A4B600E47C14 /* Debug */ = {
			isa = XCBuildConfiguration;
			buildSettings = {
				ASSETCATALOG_COMPILER_APPICON_NAME = AppIcon;
				CODE_SIGN_IDENTITY = "iPhone Developer";
				"CODE_SIGN_IDENTITY[sdk=iphoneos*]" = "iPhone Developer";
				INFOPLIST_FILE = Project01_SimpleStopWatch/Info.plist;
				LD_RUNPATH_SEARCH_PATHS = "$(inherited) @executable_path/Frameworks";
				PRODUCT_BUNDLE_IDENTIFIER = "Xinyu-Zhang.Project01-SimpleStopWatch";
				PRODUCT_NAME = "$(TARGET_NAME)";
				PROVISIONING_PROFILE = "";
			};
			name = Debug;
		};
		C1AB7D251D61A4B600E47C14 /* Release */ = {
			isa = XCBuildConfiguration;
			buildSettings = {
				ASSETCATALOG_COMPILER_APPICON_NAME = AppIcon;
				CODE_SIGN_IDENTITY = "iPhone Developer";
				"CODE_SIGN_IDENTITY[sdk=iphoneos*]" = "iPhone Developer";
				INFOPLIST_FILE = Project01_SimpleStopWatch/Info.plist;
				LD_RUNPATH_SEARCH_PATHS = "$(inherited) @executable_path/Frameworks";
				PRODUCT_BUNDLE_IDENTIFIER = "Xinyu-Zhang.Project01-SimpleStopWatch";
				PRODUCT_NAME = "$(TARGET_NAME)";
				PROVISIONING_PROFILE = "";
			};
			name = Release;
		};
/* End XCBuildConfiguration section */

/* Begin XCConfigurationList section */
		C1AB7D0C1D61A4B600E47C14 /* Build configuration list for PBXProject "Project01_SimpleStopWatch" */ = {
			isa = XCConfigurationList;
			buildConfigurations = (
				C1AB7D211D61A4B600E47C14 /* Debug */,
				C1AB7D221D61A4B600E47C14 /* Release */,
			);
			defaultConfigurationIsVisible = 0;
			defaultConfigurationName = Release;
		};
		C1AB7D231D61A4B600E47C14 /* Build configuration list for PBXNativeTarget "Project01_SimpleStopWatch" */ = {
			isa = XCConfigurationList;
			buildConfigurations = (
				C1AB7D241D61A4B600E47C14 /* Debug */,
				C1AB7D251D61A4B600E47C14 /* Release */,
			);
			defaultConfigurationIsVisible = 0;
		};
/* End XCConfigurationList section */
	};
	rootObject = C1AB7D091D61A4B600E47C14 /* Project object */;
}
